Microsoft Visual Studio Solution File, Format Version 11.00
# Visual Studio 2008

Project("{909D8AF7-FCF5-F31C-BEE6-11F8A424B9DA}") = "GiMU", "Assembly-CSharp-firstpass.csproj", "{05A779E2-3958-89C4-212A-66C80A945A8C}"
EndProject
Project("{909D8AF7-FCF5-F31C-BEE6-11F8A424B9DA}") = "GiMU", "Assembly-CSharp.csproj", "{8B5AFE4F-0451-F86C-C464-F296DB9E74BD}"
EndProject
Project("{909D8AF7-FCF5-F31C-BEE6-11F8A424B9DA}") = "GiMU", "Assembly-UnityScript-firstpass.unityproj", "{385F50A8-96EE-DC7B-EF13-7F1F46D75A60}"
EndProject
Project("{909D8AF7-FCF5-F31C-BEE6-11F8A424B9DA}") = "GiMU", "Assembly-UnityScript.unityproj", "{21B9E986-457C-4CD3-ADAD-1F7FECDB43D9}"
EndProject
Global
	GlobalSection(SolutionConfigurationPlatforms) = preSolution
		Debug|Any CPU = Debug|Any CPU
		Release|Any CPU = Release|Any CPU
	EndGlobalSection
	GlobalSection(ProjectConfigurationPlatforms) = postSolution
		{05A779E2-3958-89C4-212A-66C80A945A8C}.Debug|Any CPU.ActiveCfg = Debug|Any CPU
		{05A779E2-3958-89C4-212A-66C80A945A8C}.Debug|Any CPU.Build.0 = Debug|Any CPU
		{05A779E2-3958-89C4-212A-66C80A945A8C}.Release|Any CPU.ActiveCfg = Release|Any CPU
		{05A779E2-3958-89C4-212A-66C80A945A8C}.Release|Any CPU.Build.0 = Release|Any CPU
		{8B5AFE4F-0451-F86C-C464-F296DB9E74BD}.Debug|Any CPU.ActiveCfg = Debug|Any CPU
		{8B5AFE4F-0451-F86C-C464-F296DB9E74BD}.Debug|Any CPU.Build.0 = Debug|Any CPU
		{8B5AFE4F-0451-F86C-C464-F296DB9E74BD}.Release|Any CPU.ActiveCfg = Release|Any CPU
		{8B5AFE4F-0451-F86C-C464-F296DB9E74BD}.Release|Any CPU.Build.0 = Release|Any CPU
		{385F50A8-96EE-DC7B-EF13-7F1F46D75A60}.Debug|Any CPU.ActiveCfg = Debug|Any CPU
		{385F50A8-96EE-DC7B-EF13-7F1F46D75A60}.Debug|Any CPU.Build.0 = Debug|Any CPU
		{385F50A8-96EE-DC7B-EF13-7F1F46D75A60}.Release|Any CPU.ActiveCfg = Release|Any CPU
		{385F50A8-96EE-DC7B-EF13-7F1F46D75A60}.Release|Any CPU.Build.0 = Release|Any CPU
		{21B9E986-457C-4CD3-ADAD-1F7FECDB43D9}.Debug|Any CPU.ActiveCfg = Debug|Any CPU
		{21B9E986-457C-4CD3-ADAD-1F7FECDB43D9}.Debug|Any CPU.Build.0 = Debug|Any CPU
		{21B9E986-457C-4CD3-ADAD-1F7FECDB43D9}.Release|Any CPU.ActiveCfg = Release|Any CPU
		{21B9E986-457C-4CD3-ADAD-1F7FECDB43D9}.Release|Any CPU.Build.0 = Release|Any CPU
	EndGlobalSection
	GlobalSection(SolutionProperties) = preSolution
		HideSolutionNode = FALSE
	EndGlobalSection
																																																							GlobalSection(MonoDevelopProperties) = preSolution
		StartupItem = Assembly-CSharp.csproj
		Policies = $0
		$0.TextStylePolicy = $1
		$1.inheritsSet = null
		$1.scope = text/x-csharp
		$0.CSharpFormattingPolicy = $2
		$2.inheritsSet = Mono
		$2.inheritsScope = text/x-csharp
		$2.scope = text/x-csharp
		$0.TextStylePolicy = $3
		$3.FileWidth = 120
		$3.TabWidth = 4
		$3.EolMarker = Unix
		$3.inheritsSet = Mono
		$3.inheritsScope = text/plain
		$3.scope = text/plain
	EndGlobalSection

EndGlobal
